{
  "name": "rc-aliyun-sms",
  "version": "1.0.2",
  "lockfileVersion": 1,
  "requires": true,
  "dependencies": {
    "chai": {
      "version": "4.1.2",
      "resolved": "http://registry.npm.taobao.org/chai/download/chai-4.1.2.tgz",
      "dev": true,
      "dependencies": {
        "assertion-error": {
          "version": "http://registry.npm.taobao.org/assertion-error/download/assertion-error-1.1.0.tgz",
          "bundled": true
        },
        "check-error": {
          "version": "http://registry.npm.taobao.org/check-error/download/check-error-1.0.2.tgz",
          "bundled": true
        },
        "deep-eql": {
          "version": "http://registry.npm.taobao.org/deep-eql/download/deep-eql-3.0.1.tgz",
          "bundled": true
        },
        "get-func-name": {
          "version": "http://registry.npm.taobao.org/get-func-name/download/get-func-name-2.0.0.tgz",
          "bundled": true
        },
        "pathval": {
          "version": "http://registry.npm.taobao.org/pathval/download/pathval-1.1.0.tgz",
          "bundled": true
        },
        "type-detect": {
          "version": "http://registry.npm.taobao.org/type-detect/download/type-detect-4.0.8.tgz",
          "bundled": true
        }
      }
    },
    "conventional-commit-types": {
      "version": "2.2.0",
      "resolved": "http://registry.npm.taobao.org/conventional-commit-types/download/conventional-commit-types-2.2.0.tgz",
      "integrity": "sha1-XblXOdbCEqy+e29lahG5QLqmiUY=",
      "dev": true
    },
    "cz-conventional-changelog": {
      "version": "2.1.0",
      "resolved": "http://registry.npm.taobao.org/cz-conventional-changelog/download/cz-conventional-changelog-2.1.0.tgz",
      "integrity": "sha1-L0vHOQ4yROTfKT5ro1Hkx0Cnx2Q=",
      "dev": true,
      "requires": {
        "conventional-commit-types": "^2.0.0",
        "lodash.map": "^4.5.1",
        "longest": "^1.0.1",
        "right-pad": "^1.0.1",
        "word-wrap": "^1.0.3"
      }
    },
    "ioredis": {
      "version": "3.2.2",
      "resolved": "http://registry.npm.taobao.org/ioredis/download/ioredis-3.2.2.tgz",
      "dependencies": {
        "bluebird": {
          "version": "http://registry.npm.taobao.org/bluebird/download/bluebird-3.5.1.tgz",
          "bundled": true
        },
        "cluster-key-slot": {
          "version": "http://registry.npm.taobao.org/cluster-key-slot/download/cluster-key-slot-1.0.12.tgz",
          "bundled": true
        },
        "debug": {
          "version": "http://registry.npm.taobao.org/debug/download/debug-2.6.9.tgz",
          "bundled": true,
          "dependencies": {
            "ms": {
              "version": "http://registry.npm.taobao.org/ms/download/ms-2.0.0.tgz"
            }
          }
        },
        "denque": {
          "version": "http://registry.npm.taobao.org/denque/download/denque-1.3.0.tgz",
          "bundled": true
        },
        "flexbuffer": {
          "version": "http://registry.npm.taobao.org/flexbuffer/download/flexbuffer-0.0.6.tgz",
          "bundled": true
        },
        "lodash.assign": {
          "version": "http://registry.npm.taobao.org/lodash.assign/download/lodash.assign-4.2.0.tgz",
          "bundled": true
        },
        "lodash.bind": {
          "version": "http://registry.npm.taobao.org/lodash.bind/download/lodash.bind-4.2.1.tgz",
          "bundled": true
        },
        "lodash.clone": {
          "version": "http://registry.npm.taobao.org/lodash.clone/download/lodash.clone-4.5.0.tgz",
          "bundled": true
        },
        "lodash.clonedeep": {
          "version": "http://registry.npm.taobao.org/lodash.clonedeep/download/lodash.clonedeep-4.5.0.tgz",
          "bundled": true
        },
        "lodash.defaults": {
          "version": "http://registry.npm.taobao.org/lodash.defaults/download/lodash.defaults-4.2.0.tgz",
          "bundled": true
        },
        "lodash.difference": {
          "version": "http://registry.npm.taobao.org/lodash.difference/download/lodash.difference-4.5.0.tgz",
          "bundled": true
        },
        "lodash.flatten": {
          "version": "http://registry.npm.taobao.org/lodash.flatten/download/lodash.flatten-4.4.0.tgz",
          "bundled": true
        },
        "lodash.foreach": {
          "version": "http://registry.npm.taobao.org/lodash.foreach/download/lodash.foreach-4.5.0.tgz",
          "bundled": true
        },
        "lodash.isempty": {
          "version": "http://registry.npm.taobao.org/lodash.isempty/download/lodash.isempty-4.4.0.tgz",
          "bundled": true
        },
        "lodash.keys": {
          "version": "http://registry.npm.taobao.org/lodash.keys/download/lodash.keys-4.2.0.tgz",
          "bundled": true
        },
        "lodash.noop": {
          "version": "http://registry.npm.taobao.org/lodash.noop/download/lodash.noop-3.0.1.tgz",
          "bundled": true
        },
        "lodash.partial": {
          "version": "http://registry.npm.taobao.org/lodash.partial/download/lodash.partial-4.2.1.tgz",
          "bundled": true
        },
        "lodash.pick": {
          "version": "http://registry.npm.taobao.org/lodash.pick/download/lodash.pick-4.4.0.tgz",
          "bundled": true
        },
        "lodash.sample": {
          "version": "http://registry.npm.taobao.org/lodash.sample/download/lodash.sample-4.2.1.tgz",
          "bundled": true
        },
        "lodash.shuffle": {
          "version": "http://registry.npm.taobao.org/lodash.shuffle/download/lodash.shuffle-4.2.0.tgz",
          "bundled": true
        },
        "lodash.values": {
          "version": "http://registry.npm.taobao.org/lodash.values/download/lodash.values-4.3.0.tgz",
          "bundled": true
        },
        "redis-commands": {
          "version": "http://registry.npm.taobao.org/redis-commands/download/redis-commands-1.3.5.tgz",
          "bundled": true
        },
        "redis-parser": {
          "version": "http://registry.npm.taobao.org/redis-parser/download/redis-parser-2.6.0.tgz",
          "bundled": true
        }
      }
    },
    "lodash.map": {
      "version": "4.6.0",
      "resolved": "http://registry.npm.taobao.org/lodash.map/download/lodash.map-4.6.0.tgz",
      "integrity": "sha1-dx7Hg540c9nEzeKLGTlMNWL09tM=",
      "dev": true
    },
    "longest": {
      "version": "1.0.1",
      "resolved": "http://registry.npm.taobao.org/longest/download/longest-1.0.1.tgz",
      "integrity": "sha1-MKCy2jj3N3DoKUoNIuZiXtd9AJc=",
      "dev": true
    },
    "mocha": {
      "version": "5.2.0",
      "resolved": "http://registry.npm.taobao.org/mocha/download/mocha-5.2.0.tgz",
      "dev": true,
      "dependencies": {
        "browser-stdout": {
          "version": "http://registry.npm.taobao.org/browser-stdout/download/browser-stdout-1.3.1.tgz",
          "bundled": true
        },
        "commander": {
          "version": "http://registry.npm.taobao.org/commander/download/commander-2.15.1.tgz",
          "bundled": true
        },
        "debug": {
          "version": "http://registry.npm.taobao.org/debug/download/debug-3.1.0.tgz",
          "bundled": true
        },
        "diff": {
          "version": "http://registry.npm.taobao.org/diff/download/diff-3.5.0.tgz",
          "bundled": true
        },
        "escape-string-regexp": {
          "version": "http://registry.npm.taobao.org/escape-string-regexp/download/escape-string-regexp-1.0.5.tgz",
          "bundled": true
        },
        "glob": {
          "version": "http://registry.npm.taobao.org/glob/download/glob-7.1.2.tgz",
          "bundled": true,
          "dependencies": {
            "fs.realpath": {
              "version": "http://registry.npm.taobao.org/fs.realpath/download/fs.realpath-1.0.0.tgz",
              "bundled": true
            },
            "inflight": {
              "version": "http://registry.npm.taobao.org/inflight/download/inflight-1.0.6.tgz",
              "bundled": true
            },
            "inherits": {
              "version": "http://registry.npm.taobao.org/inherits/download/inherits-2.0.3.tgz",
              "bundled": true
            },
            "minimatch": {
              "version": "http://registry.npm.taobao.org/minimatch/download/minimatch-3.0.4.tgz",
              "bundled": true,
              "dependencies": {
                "brace-expansion": {
                  "version": "http://registry.npm.taobao.org/brace-expansion/download/brace-expansion-1.1.11.tgz",
                  "bundled": true,
                  "dependencies": {
                    "balanced-match": {
                      "version": "http://registry.npm.taobao.org/balanced-match/download/balanced-match-1.0.0.tgz",
                      "bundled": true
                    },
                    "concat-map": {
                      "version": "http://registry.npm.taobao.org/concat-map/download/concat-map-0.0.1.tgz",
                      "bundled": true
                    }
                  }
                }
              }
            },
            "once": {
              "version": "http://registry.npm.taobao.org/once/download/once-1.4.0.tgz",
              "bundled": true,
              "dependencies": {
                "wrappy": {
                  "version": "http://registry.npm.taobao.org/wrappy/download/wrappy-1.0.2.tgz",
                  "bundled": true
                }
              }
            },
            "path-is-absolute": {
              "version": "http://registry.npm.taobao.org/path-is-absolute/download/path-is-absolute-1.0.1.tgz",
              "bundled": true
            }
          }
        },
        "growl": {
          "version": "http://registry.npm.taobao.org/growl/download/growl-1.10.5.tgz",
          "bundled": true
        },
        "he": {
          "version": "http://registry.npm.taobao.org/he/download/he-1.1.1.tgz",
          "bundled": true
        },
        "minimatch": {
          "version": "http://registry.npm.taobao.org/minimatch/download/minimatch-3.0.4.tgz",
          "bundled": true,
          "dependencies": {
            "brace-expansion": {
              "version": "http://registry.npm.taobao.org/brace-expansion/download/brace-expansion-1.1.11.tgz",
              "bundled": true,
              "dependencies": {}
            }
          }
        },
        "mkdirp": {
          "version": "http://registry.npm.taobao.org/mkdirp/download/mkdirp-0.5.1.tgz",
          "bundled": true
        },
        "supports-color": {
          "version": "http://registry.npm.taobao.org/supports-color/download/supports-color-5.4.0.tgz",
          "bundled": true
        }
      }
    },
    "request": {
      "version": "2.87.0",
      "resolved": "http://registry.npm.taobao.org/request/download/request-2.87.0.tgz",
      "requires": {
        "uuid": "^3.1.0"
      },
      "dependencies": {
        "aws-sign2": {
          "version": "http://registry.npm.taobao.org/aws-sign2/download/aws-sign2-0.7.0.tgz",
          "bundled": true
        },
        "aws4": {
          "version": "http://registry.npm.taobao.org/aws4/download/aws4-1.7.0.tgz",
          "bundled": true
        },
        "caseless": {
          "version": "http://registry.npm.taobao.org/caseless/download/caseless-0.12.0.tgz",
          "bundled": true
        },
        "combined-stream": {
          "version": "http://registry.npm.taobao.org/combined-stream/download/combined-stream-1.0.6.tgz",
          "bundled": true
        },
        "extend": {
          "version": "http://registry.npm.taobao.org/extend/download/extend-3.0.1.tgz",
          "bundled": true
        },
        "forever-agent": {
          "version": "http://registry.npm.taobao.org/forever-agent/download/forever-agent-0.6.1.tgz",
          "bundled": true
        },
        "form-data": {
          "version": "http://registry.npm.taobao.org/form-data/download/form-data-2.3.2.tgz",
          "bundled": true,
          "dependencies": {
            "asynckit": {
              "version": "http://registry.npm.taobao.org/asynckit/download/asynckit-0.4.0.tgz",
              "bundled": true
            },
            "combined-stream": {
              "version": "http://registry.npm.taobao.org/combined-stream/download/combined-stream-1.0.6.tgz",
              "bundled": true,
              "dependencies": {
                "delayed-stream": {
                  "version": "http://registry.npm.taobao.org/delayed-stream/download/delayed-stream-1.0.0.tgz",
                  "bundled": true
                }
              }
            },
            "mime-types": {
              "version": "http://registry.npm.taobao.org/mime-types/download/mime-types-2.1.18.tgz",
              "bundled": true
            }
          }
        },
        "har-validator": {
          "version": "http://registry.npm.taobao.org/har-validator/download/har-validator-5.0.3.tgz",
          "bundled": true,
          "dependencies": {
            "ajv": {
              "version": "http://registry.npm.taobao.org/ajv/download/ajv-5.5.2.tgz",
              "bundled": true,
              "dependencies": {
                "co": {
                  "version": "http://registry.npm.taobao.org/co/download/co-4.6.0.tgz",
                  "bundled": true
                },
                "fast-deep-equal": {
                  "version": "http://registry.npm.taobao.org/fast-deep-equal/download/fast-deep-equal-1.1.0.tgz",
                  "bundled": true
                },
                "fast-json-stable-stringify": {
                  "version": "http://registry.npm.taobao.org/fast-json-stable-stringify/download/fast-json-stable-stringify-2.0.0.tgz",
                  "bundled": true
                },
                "json-schema-traverse": {
                  "version": "http://registry.npm.taobao.org/json-schema-traverse/download/json-schema-traverse-0.3.1.tgz",
                  "bundled": true
                }
              }
            },
            "har-schema": {
              "version": "http://registry.npm.taobao.org/har-schema/download/har-schema-2.0.0.tgz",
              "bundled": true
            }
          }
        },
        "http-signature": {
          "version": "http://registry.npm.taobao.org/http-signature/download/http-signature-1.2.0.tgz",
          "bundled": true
        },
        "is-typedarray": {
          "version": "http://registry.npm.taobao.org/is-typedarray/download/is-typedarray-1.0.0.tgz",
          "bundled": true
        },
        "isstream": {
          "version": "http://registry.npm.taobao.org/isstream/download/isstream-0.1.2.tgz",
          "bundled": true
        },
        "json-stringify-safe": {
          "version": "http://registry.npm.taobao.org/json-stringify-safe/download/json-stringify-safe-5.0.1.tgz",
          "bundled": true
        },
        "mime-types": {
          "version": "http://registry.npm.taobao.org/mime-types/download/mime-types-2.1.18.tgz",
          "bundled": true,
          "dependencies": {
            "mime-db": {
              "version": "http://registry.npm.taobao.org/mime-db/download/mime-db-1.33.0.tgz",
              "bundled": true
            }
          }
        },
        "oauth-sign": {
          "version": "http://registry.npm.taobao.org/oauth-sign/download/oauth-sign-0.8.2.tgz",
          "bundled": true
        },
        "performance-now": {
          "version": "http://registry.npm.taobao.org/performance-now/download/performance-now-2.1.0.tgz",
          "bundled": true
        },
        "qs": {
          "version": "http://registry.npm.taobao.org/qs/download/qs-6.5.2.tgz",
          "bundled": true
        },
        "safe-buffer": {
          "version": "http://registry.npm.taobao.org/safe-buffer/download/safe-buffer-5.1.2.tgz",
          "bundled": true
        },
        "tough-cookie": {
          "version": "http://registry.npm.taobao.org/tough-cookie/download/tough-cookie-2.3.4.tgz",
          "bundled": true
        },
        "tunnel-agent": {
          "version": "http://registry.npm.taobao.org/tunnel-agent/download/tunnel-agent-0.6.0.tgz",
          "bundled": true
        },
        "uuid": {
          "version": "http://registry.npm.taobao.org/uuid/download/uuid-3.2.1.tgz",
          "bundled": true
        }
      }
    },
    "right-pad": {
      "version": "1.0.1",
      "resolved": "http://registry.npm.taobao.org/right-pad/download/right-pad-1.0.1.tgz",
      "integrity": "sha1-jKCMLLtbVedNr6lr9/0aJ9VoyNA=",
      "dev": true
    },
    "uuid": {
      "version": "3.2.1",
      "resolved": "http://registry.npm.taobao.org/uuid/download/uuid-3.2.1.tgz"
    },
    "word-wrap": {
      "version": "1.2.3",
      "resolved": "http://registry.npm.taobao.org/word-wrap/download/word-wrap-1.2.3.tgz",
      "integrity": "sha1-YQY29rH3A4kb00dxzLF/uTtHB5w=",
      "dev": true
    }
  }
}
